// !$*UTF8*$!
{
	archiveVersion = 1;
	classes = {
	};
	objectVersion = 56;
	objects = {

/* Begin PBXBuildFile section */
		3996438F2A2266C8003C623D /* AspectVGridView.swift in Sources */ = {isa = PBXBuildFile; fileRef = 3996438E2A2266C8003C623D /* AspectVGridView.swift */; };
		399643912A2364AE003C623D /* PieView.swift in Sources */ = {isa = PBXBuildFile; fileRef = 399643902A2364AE003C623D /* PieView.swift */; };
		399643932A23D69A003C623D /* CardifyView.swift in Sources */ = {isa = PBXBuildFile; fileRef = 399643922A23D69A003C623D /* CardifyView.swift */; };
		39FBD5A72A17CE9600F10BAF /* card_memory_gameApp.swift in Sources */ = {isa = PBXBuildFile; fileRef = 39FBD5A62A17CE9600F10BAF /* card_memory_gameApp.swift */; };
		39FBD5A92A17CE9600F10BAF /* EmojiMemoryGameView.swift in Sources */ = {isa = PBXBuildFile; fileRef = 39FBD5A82A17CE9600F10BAF /* EmojiMemoryGameView.swift */; };
		39FBD5AB2A17CE9800F10BAF /* Assets.xcassets in Resources */ = {isa = PBXBuildFile; fileRef = 39FBD5AA2A17CE9800F10BAF /* Assets.xcassets */; };
		39FBD5AE2A17CE9800F10BAF /* Preview Assets.xcassets in Resources */ = {isa = PBXBuildFile; fileRef = 39FBD5AD2A17CE9800F10BAF /* Preview Assets.xcassets */; };
		39FBD5B52A17D01F00F10BAF /* MemoryGameModel.swift in Sources */ = {isa = PBXBuildFile; fileRef = 39FBD5B42A17D01F00F10BAF /* MemoryGameModel.swift */; };
		39FBD5B72A17D55100F10BAF /* EmojiMemoryGameVM.swift in Sources */ = {isa = PBXBuildFile; fileRef = 39FBD5B62A17D55100F10BAF /* EmojiMemoryGameVM.swift */; };
/* End PBXBuildFile section */

/* Begin PBXFileReference section */
		3996438E2A2266C8003C623D /* AspectVGridView.swift */ = {isa = PBXFileReference; lastKnownFileType = sourcecode.swift; path = AspectVGridView.swift; sourceTree = "<group>"; };
		399643902A2364AE003C623D /* PieView.swift */ = {isa = PBXFileReference; lastKnownFileType = sourcecode.swift; path = PieView.swift; sourceTree = "<group>"; };
		399643922A23D69A003C623D /* CardifyView.swift */ = {isa = PBXFileReference; lastKnownFileType = sourcecode.swift; path = CardifyView.swift; sourceTree = "<group>"; };
		39FBD5A32A17CE9600F10BAF /* card_memory_game.app */ = {isa = PBXFileReference; explicitFileType = wrapper.application; includeInIndex = 0; path = card_memory_game.app; sourceTree = BUILT_PRODUCTS_DIR; };
		39FBD5A62A17CE9600F10BAF /* card_memory_gameApp.swift */ = {isa = PBXFileReference; lastKnownFileType = sourcecode.swift; path = card_memory_gameApp.swift; sourceTree = "<group>"; };
		39FBD5A82A17CE9600F10BAF /* EmojiMemoryGameView.swift */ = {isa = PBXFileReference; lastKnownFileType = sourcecode.swift; path = EmojiMemoryGameView.swift; sourceTree = "<group>"; };
		39FBD5AA2A17CE9800F10BAF /* Assets.xcassets */ = {isa = PBXFileReference; lastKnownFileType = folder.assetcatalog; path = Assets.xcassets; sourceTree = "<group>"; };
		39FBD5AD2A17CE9800F10BAF /* Preview Assets.xcassets */ = {isa = PBXFileReference; lastKnownFileType = folder.assetcatalog; path = "Preview Assets.xcassets"; sourceTree = "<group>"; };
		39FBD5B42A17D01F00F10BAF /* MemoryGameModel.swift */ = {isa = PBXFileReference; lastKnownFileType = sourcecode.swift; path = MemoryGameModel.swift; sourceTree = "<group>"; };
		39FBD5B62A17D55100F10BAF /* EmojiMemoryGameVM.swift */ = {isa = PBXFileReference; lastKnownFileType = sourcecode.swift; path = EmojiMemoryGameVM.swift; sourceTree = "<group>"; };
/* End PBXFileReference section */

/* Begin PBXFrameworksBuildPhase section */
		39FBD5A02A17CE9600F10BAF /* Frameworks */ = {
			isa = PBXFrameworksBuildPhase;
			buildActionMask = 2147483647;
			files = (
			);
			runOnlyForDeploymentPostprocessing = 0;
		};
/* End PBXFrameworksBuildPhase section */

/* Begin PBXGroup section */
		3996438D2A2266A7003C623D /* view */ = {
			isa = PBXGroup;
			children = (
				39FBD5A82A17CE9600F10BAF /* EmojiMemoryGameView.swift */,
				399643902A2364AE003C623D /* PieView.swift */,
				399643922A23D69A003C623D /* CardifyView.swift */,
				3996438E2A2266C8003C623D /* AspectVGridView.swift */,
			);
			path = view;
			sourceTree = "<group>";
		};
		39FBD59A2A17CE9600F10BAF = {
			isa = PBXGroup;
			children = (
				39FBD5A52A17CE9600F10BAF /* card_memory_game */,
				39FBD5A42A17CE9600F10BAF /* Products */,
			);
			sourceTree = "<group>";
		};
		39FBD5A42A17CE9600F10BAF /* Products */ = {
			isa = PBXGroup;
			children = (
				39FBD5A32A17CE9600F10BAF /* card_memory_game.app */,
			);
			name = Products;
			sourceTree = "<group>";
		};
		39FBD5A52A17CE9600F10BAF /* card_memory_game */ = {
			isa = PBXGroup;
			children = (
				3996438D2A2266A7003C623D /* view */,
				39FBD5A62A17CE9600F10BAF /* card_memory_gameApp.swift */,
				39FBD5B62A17D55100F10BAF /* EmojiMemoryGameVM.swift */,
				39FBD5B42A17D01F00F10BAF /* MemoryGameModel.swift */,
				39FBD5AA2A17CE9800F10BAF /* Assets.xcassets */,
				39FBD5AC2A17CE9800F10BAF /* Preview Content */,
			);
			path = card_memory_game;
			sourceTree = "<group>";
		};
		39FBD5AC2A17CE9800F10BAF /* Preview Content */ = {
			isa = PBXGroup;
			children = (
				39FBD5AD2A17CE9800F10BAF /* Preview Assets.xcassets */,
			);
			path = "Preview Content";
			sourceTree = "<group>";
		};
/* End PBXGroup section */

/* Begin PBXNativeTarget section */
		39FBD5A22A17CE9600F10BAF /* card_memory_game */ = {
			isa = PBXNativeTarget;
			buildConfigurationList = 39FBD5B12A17CE9800F10BAF /* Build configuration list for PBXNativeTarget "card_memory_game" */;
			buildPhases = (
				39FBD59F2A17CE9600F10BAF /* Sources */,
				39FBD5A02A17CE9600F10BAF /* Frameworks */,
				39FBD5A12A17CE9600F10BAF /* Resources */,
			);
			buildRules = (
			);
			dependencies = (
			);
			name = card_memory_game;
			productName = card_memory_game;
			productReference = 39FBD5A32A17CE9600F10BAF /* card_memory_game.app */;
			productType = "com.apple.product-type.application";
		};
/* End PBXNativeTarget section */

/* Begin PBXProject section */
		39FBD59B2A17CE9600F10BAF /* Project object */ = {
			isa = PBXProject;
			attributes = {
				BuildIndependentTargetsInParallel = 1;
				LastSwiftUpdateCheck = 1410;
				LastUpgradeCheck = 1410;
				TargetAttributes = {
					39FBD5A22A17CE9600F10BAF = {
						CreatedOnToolsVersion = 14.1;
					};
				};
			};
			buildConfigurationList = 39FBD59E2A17CE9600F10BAF /* Build configuration list for PBXProject "card_memory_game" */;
			compatibilityVersion = "Xcode 14.0";
			developmentRegion = en;
			hasScannedForEncodings = 0;
			knownRegions = (
				en,
				Base,
			);
			mainGroup = 39FBD59A2A17CE9600F10BAF;
			productRefGroup = 39FBD5A42A17CE9600F10BAF /* Products */;
			projectDirPath = "";
			projectRoot = "";
			targets = (
				39FBD5A22A17CE9600F10BAF /* card_memory_game */,
			);
		};
/* End PBXProject section */

/* Begin PBXResourcesBuildPhase section */
		39FBD5A12A17CE9600F10BAF /* Resources */ = {
			isa = PBXResourcesBuildPhase;
			buildActionMask = 2147483647;
			files = (
				39FBD5AE2A17CE9800F10BAF /* Preview Assets.xcassets in Resources */,
				39FBD5AB2A17CE9800F10BAF /* Assets.xcassets in Resources */,
			);
			runOnlyForDeploymentPostprocessing = 0;
		};
/* End PBXResourcesBuildPhase section */

/* Begin PBXSourcesBuildPhase section */
		39FBD59F2A17CE9600F10BAF /* Sources */ = {
			isa = PBXSourcesBuildPhase;
			buildActionMask = 2147483647;
			files = (
				39FBD5B72A17D55100F10BAF /* EmojiMemoryGameVM.swift in Sources */,
				39FBD5A92A17CE9600F10BAF /* EmojiMemoryGameView.swift in Sources */,
				3996438F2A2266C8003C623D /* AspectVGridView.swift in Sources */,
				399643932A23D69A003C623D /* CardifyView.swift in Sources */,
				39FBD5A72A17CE9600F10BAF /* card_memory_gameApp.swift in Sources */,
				39FBD5B52A17D01F00F10BAF /* MemoryGameModel.swift in Sources */,
				399643912A2364AE003C623D /* PieView.swift in Sources */,
			);
			runOnlyForDeploymentPostprocessing = 0;
		};
/* End PBXSourcesBuildPhase section */

/* Begin XCBuildConfiguration section */
		39FBD5AF2A17CE9800F10BAF /* Debug */ = {
			isa = XCBuildConfiguration;
			buildSettings = {
				ALWAYS_SEARCH_USER_PATHS = NO;
				CLANG_ANALYZER_NONNULL = YES;
				CLANG_ANALYZER_NUMBER_OBJECT_CONVERSION = YES_AGGRESSIVE;
				CLANG_CXX_LANGUAGE_STANDARD = "gnu++20";
				CLANG_ENABLE_MODULES = YES;
				CLANG_ENABLE_OBJC_ARC = YES;
				CLANG_ENABLE_OBJC_WEAK = YES;
				CLANG_WARN_BLOCK_CAPTURE_AUTORELEASING = YES;
				CLANG_WARN_BOOL_CONVERSION = YES;
				CLANG_WARN_COMMA = YES;
				CLANG_WARN_CONSTANT_CONVERSION = YES;
				CLANG_WARN_DEPRECATED_OBJC_IMPLEMENTATIONS = YES;
				CLANG_WARN_DIRECT_OBJC_ISA_USAGE = YES_ERROR;
				CLANG_WARN_DOCUMENTATION_COMMENTS = YES;
				CLANG_WARN_EMPTY_BODY = YES;
				CLANG_WARN_ENUM_CONVERSION = YES;
				CLANG_WARN_INFINITE_RECURSION = YES;
				CLANG_WARN_INT_CONVERSION = YES;
				CLANG_WARN_NON_LITERAL_NULL_CONVERSION = YES;
				CLANG_WARN_OBJC_IMPLICIT_RETAIN_SELF = YES;
				CLANG_WARN_OBJC_LITERAL_CONVERSION = YES;
				CLANG_WARN_OBJC_ROOT_CLASS = YES_ERROR;
				CLANG_WARN_QUOTED_INCLUDE_IN_FRAMEWORK_HEADER = YES;
				CLANG_WARN_RANGE_LOOP_ANALYSIS = YES;
				CLANG_WARN_STRICT_PROTOTYPES = YES;
				CLANG_WARN_SUSPICIOUS_MOVE = YES;
				CLANG_WARN_UNGUARDED_AVAILABILITY = YES_AGGRESSIVE;
				CLANG_WARN_UNREACHABLE_CODE = YES;
				CLANG_WARN__DUPLICATE_METHOD_MATCH = YES;
				COPY_PHASE_STRIP = NO;
				DEBUG_INFORMATION_FORMAT = dwarf;
				ENABLE_STRICT_OBJC_MSGSEND = YES;
				ENABLE_TESTABILITY = YES;
				GCC_C_LANGUAGE_STANDARD = gnu11;
				GCC_DYNAMIC_NO_PIC = NO;
				GCC_NO_COMMON_BLOCKS = YES;
				GCC_OPTIMIZATION_LEVEL = 0;
				GCC_PREPROCESSOR_DEFINITIONS = (
					"DEBUG=1",
					"$(inherited)",
				);
				GCC_WARN_64_TO_32_BIT_CONVERSION = YES;
				GCC_WARN_ABOUT_RETURN_TYPE = YES_ERROR;
				GCC_WARN_UNDECLARED_SELECTOR = YES;
				GCC_WARN_UNINITIALIZED_AUTOS = YES_AGGRESSIVE;
				GCC_WARN_UNUSED_FUNCTION = YES;
				GCC_WARN_UNUSED_VARIABLE = YES;
				IPHONEOS_DEPLOYMENT_TARGET = 16.1;
				MTL_ENABLE_DEBUG_INFO = INCLUDE_SOURCE;
				MTL_FAST_MATH = YES;
				ONLY_ACTIVE_ARCH = YES;
				SDKROOT = iphoneos;
				SWIFT_ACTIVE_COMPILATION_CONDITIONS = DEBUG;
				SWIFT_OPTIMIZATION_LEVEL = "-Onone";
			};
			name = Debug;
		};
		39FBD5B02A17CE9800F10BAF /* Release */ = {
			isa = XCBuildConfiguration;
			buildSettings = {
				ALWAYS_SEARCH_USER_PATHS = NO;
				CLANG_ANALYZER_NONNULL = YES;
				CLANG_ANALYZER_NUMBER_OBJECT_CONVERSION = YES_AGGRESSIVE;
				CLANG_CXX_LANGUAGE_STANDARD = "gnu++20";
				CLANG_ENABLE_MODULES = YES;
				CLANG_ENABLE_OBJC_ARC = YES;
				CLANG_ENABLE_OBJC_WEAK = YES;
				CLANG_WARN_BLOCK_CAPTURE_AUTORELEASING = YES;
				CLANG_WARN_BOOL_CONVERSION = YES;
				CLANG_WARN_COMMA = YES;
				CLANG_WARN_CONSTANT_CONVERSION = YES;
				CLANG_WARN_DEPRECATED_OBJC_IMPLEMENTATIONS = YES;
				CLANG_WARN_DIRECT_OBJC_ISA_USAGE = YES_ERROR;
				CLANG_WARN_DOCUMENTATION_COMMENTS = YES;
				CLANG_WARN_EMPTY_BODY = YES;
				CLANG_WARN_ENUM_CONVERSION = YES;
				CLANG_WARN_INFINITE_RECURSION = YES;
				CLANG_WARN_INT_CONVERSION = YES;
				CLANG_WARN_NON_LITERAL_NULL_CONVERSION = YES;
				CLANG_WARN_OBJC_IMPLICIT_RETAIN_SELF = YES;
				CLANG_WARN_OBJC_LITERAL_CONVERSION = YES;
				CLANG_WARN_OBJC_ROOT_CLASS = YES_ERROR;
				CLANG_WARN_QUOTED_INCLUDE_IN_FRAMEWORK_HEADER = YES;
				CLANG_WARN_RANGE_LOOP_ANALYSIS = YES;
				CLANG_WARN_STRICT_PROTOTYPES = YES;
				CLANG_WARN_SUSPICIOUS_MOVE = YES;
				CLANG_WARN_UNGUARDED_AVAILABILITY = YES_AGGRESSIVE;
				CLANG_WARN_UNREACHABLE_CODE = YES;
				CLANG_WARN__DUPLICATE_METHOD_MATCH = YES;
				COPY_PHASE_STRIP = NO;
				DEBUG_INFORMATION_FORMAT = "dwarf-with-dsym";
				ENABLE_NS_ASSERTIONS = NO;
				ENABLE_STRICT_OBJC_MSGSEND = YES;
				GCC_C_LANGUAGE_STANDARD = gnu11;
				GCC_NO_COMMON_BLOCKS = YES;
				GCC_WARN_64_TO_32_BIT_CONVERSION = YES;
				GCC_WARN_ABOUT_RETURN_TYPE = YES_ERROR;
				GCC_WARN_UNDECLARED_SELECTOR = YES;
				GCC_WARN_UNINITIALIZED_AUTOS = YES_AGGRESSIVE;
				GCC_WARN_UNUSED_FUNCTION = YES;
				GCC_WARN_UNUSED_VARIABLE = YES;
				IPHONEOS_DEPLOYMENT_TARGET = 16.1;
				MTL_ENABLE_DEBUG_INFO = NO;
				MTL_FAST_MATH = YES;
				SDKROOT = iphoneos;
				SWIFT_COMPILATION_MODE = wholemodule;
				SWIFT_OPTIMIZATION_LEVEL = "-O";
				VALIDATE_PRODUCT = YES;
			};
			name = Release;
		};
		39FBD5B22A17CE9800F10BAF /* Debug */ = {
			isa = XCBuildConfiguration;
			buildSettings = {
				ASSETCATALOG_COMPILER_APPICON_NAME = AppIcon;
				ASSETCATALOG_COMPILER_GLOBAL_ACCENT_COLOR_NAME = AccentColor;
				CODE_SIGN_STYLE = Automatic;
				CURRENT_PROJECT_VERSION = 1;
				DEVELOPMENT_ASSET_PATHS = "\"card_memory_game/Preview Content\"";
				DEVELOPMENT_TEAM = R88QX5B8GT;
				ENABLE_PREVIEWS = YES;
				GENERATE_INFOPLIST_FILE = YES;
				INFOPLIST_KEY_UIApplicationSceneManifest_Generation = YES;
				INFOPLIST_KEY_UIApplicationSupportsIndirectInputEvents = YES;
				INFOPLIST_KEY_UILaunchScreen_Generation = YES;
				INFOPLIST_KEY_UISupportedInterfaceOrientations_iPad = "UIInterfaceOrientationPortrait UIInterfaceOrientationPortraitUpsideDown UIInterfaceOrientationLandscapeLeft UIInterfaceOrientationLandscapeRight";
				INFOPLIST_KEY_UISupportedInterfaceOrientations_iPhone = "UIInterfaceOrientationPortrait UIInterfaceOrientationLandscapeLeft UIInterfaceOrientationLandscapeRight";
				LD_RUNPATH_SEARCH_PATHS = (
					"$(inherited)",
					"@executable_path/Frameworks",
				);
				MARKETING_VERSION = 1.0;
				PRODUCT_BUNDLE_IDENTIFIER = "com.kodx.card-memory-game";
				PRODUCT_NAME = "$(TARGET_NAME)";
				SWIFT_EMIT_LOC_STRINGS = YES;
				SWIFT_VERSION = 5.0;
				TARGETED_DEVICE_FAMILY = "1,2";
			};
			name = Debug;
		};
		39FBD5B32A17CE9800F10BAF /* Release */ = {
			isa = XCBuildConfiguration;
			buildSettings = {
				ASSETCATALOG_COMPILER_APPICON_NAME = AppIcon;
				ASSETCATALOG_COMPILER_GLOBAL_ACCENT_COLOR_NAME = AccentColor;
				CODE_SIGN_STYLE = Automatic;
				CURRENT_PROJECT_VERSION = 1;
				DEVELOPMENT_ASSET_PATHS = "\"card_memory_game/Preview Content\"";
				DEVELOPMENT_TEAM = R88QX5B8GT;
				ENABLE_PREVIEWS = YES;
				GENERATE_INFOPLIST_FILE = YES;
				INFOPLIST_KEY_UIApplicationSceneManifest_Generation = YES;
				INFOPLIST_KEY_UIApplicationSupportsIndirectInputEvents = YES;
				INFOPLIST_KEY_UILaunchScreen_Generation = YES;
				INFOPLIST_KEY_UISupportedInterfaceOrientations_iPad = "UIInterfaceOrientationPortrait UIInterfaceOrientationPortraitUpsideDown UIInterfaceOrientationLandscapeLeft UIInterfaceOrientationLandscapeRight";
				INFOPLIST_KEY_UISupportedInterfaceOrientations_iPhone = "UIInterfaceOrientationPortrait UIInterfaceOrientationLandscapeLeft UIInterfaceOrientationLandscapeRight";
				LD_RUNPATH_SEARCH_PATHS = (
					"$(inherited)",
					"@executable_path/Frameworks",
				);
				MARKETING_VERSION = 1.0;
				PRODUCT_BUNDLE_IDENTIFIER = "com.kodx.card-memory-game";
				PRODUCT_NAME = "$(TARGET_NAME)";
				SWIFT_EMIT_LOC_STRINGS = YES;
				SWIFT_VERSION = 5.0;
				TARGETED_DEVICE_FAMILY = "1,2";
			};
			name = Release;
		};
/* End XCBuildConfiguration section */

/* Begin XCConfigurationList section */
		39FBD59E2A17CE9600F10BAF /* Build configuration list for PBXProject "card_memory_game" */ = {
			isa = XCConfigurationList;
			buildConfigurations = (
				39FBD5AF2A17CE9800F10BAF /* Debug */,
				39FBD5B02A17CE9800F10BAF /* Release */,
			);
			defaultConfigurationIsVisible = 0;
			defaultConfigurationName = Release;
		};
		39FBD5B12A17CE9800F10BAF /* Build configuration list for PBXNativeTarget "card_memory_game" */ = {
			isa = XCConfigurationList;
			buildConfigurations = (
				39FBD5B22A17CE9800F10BAF /* Debug */,
				39FBD5B32A17CE9800F10BAF /* Release */,
			);
			defaultConfigurationIsVisible = 0;
			defaultConfigurationName = Release;
		};
/* End XCConfigurationList section */
	};
	rootObject = 39FBD59B2A17CE9600F10BAF /* Project object */;
}
